PODS:
  - audio_waveforms (0.0.1):
    - Flutter
  - Flutter (1.0.0)
  - libwebp (1.6.0):
    - libwebp/demux (= 1.6.0)
    - libwebp/mux (= 1.6.0)
    - libwebp/sharpyuv (= 1.6.0)
    - libwebp/webp (= 1.6.0)
  - libwebp/demux (1.6.0):
    - libwebp/webp
  - libwebp/mux (1.6.0):
    - libwebp/demux
  - libwebp/sharpyuv (1.6.0)
  - libwebp/webp (1.6.0):
    - libwebp/sharpyuv
  - simple_animation_progress_bar (0.0.1):
    - Flutter
  - video_thumbnail (0.0.1):
    - Flutter
    - libwebp

DEPENDENCIES:
  - audio_waveforms (from `.symlinks/plugins/audio_waveforms/ios`)
  - Flutter (from `Flutter`)
  - simple_animation_progress_bar (from `.symlinks/plugins/simple_animation_progress_bar/ios`)
  - video_thumbnail (from `.symlinks/plugins/video_thumbnail/ios`)

SPEC REPOS:
  trunk:
    - libwebp

EXTERNAL SOURCES:
  audio_waveforms:
    :path: ".symlinks/plugins/audio_waveforms/ios"
  Flutter:
    :path: Flutter
  simple_animation_progress_bar:
    :path: ".symlinks/plugins/simple_animation_progress_bar/ios"
  video_thumbnail:
    :path: ".symlinks/plugins/video_thumbnail/ios"

SPEC CHECKSUMS:
  audio_waveforms: cd736909ebc6b6a164eb74701d8c705ce3241e1c
  Flutter: 71a624a5bc0c04062bf19101d501e466baf2fb47
  libwebp: af5937a13536ef73f3784d69cc342b98961acf33
  simple_animation_progress_bar: 3f818acdbd78de0a8c48ddd7fdc88e1998a7b33f
  video_thumbnail: c4e2a3c539e247d4de13cd545344fd2d26ffafd1

PODFILE CHECKSUM: 631253576359b50d7e6eaf2910ae820df39f2942

COCOAPODS: 1.16.2
